
Microsoft Visual Studio Solution File, Format Version 12.00
# Visual Studio Version 17
VisualStudioVersion = 17.2.32516.85
MinimumVisualStudioVersion = 10.0.40219.1
Project("{FAE04EC0-301F-11D3-BF4B-00C04F79EFBC}") = "CMSys", "CMSys\CMSys.csproj", "{A7089FA6-A2AC-4D3A-A35B-38C749A29F9C}"
EndProject
Project("{FAE04EC0-301F-11D3-BF4B-00C04F79EFBC}") = "ApplicationLib", "ApplicationLib\ApplicationLib.csproj", "{004B482D-1703-4882-91B6-54E82E1482F0}"
EndProject
Project("{FAE04EC0-301F-11D3-BF4B-00C04F79EFBC}") = "DataLayer", "DataLayer\DataLayer.csproj", "{4A6CC486-5BEA-47C9-84AD-030EBE6904C4}"
EndProject
Global
	GlobalSection(SolutionConfigurationPlatforms) = preSolution
		Debug|Any CPU = Debug|Any CPU
		Release|Any CPU = Release|Any CPU
	EndGlobalSection
	GlobalSection(ProjectConfigurationPlatforms) = postSolution
		{A7089FA6-A2AC-4D3A-A35B-38C749A29F9C}.Debug|Any CPU.ActiveCfg = Debug|Any CPU
		{A7089FA6-A2AC-4D3A-A35B-38C749A29F9C}.Debug|Any CPU.Build.0 = Debug|Any CPU
		{A7089FA6-A2AC-4D3A-A35B-38C749A29F9C}.Release|Any CPU.ActiveCfg = Release|Any CPU
		{A7089FA6-A2AC-4D3A-A35B-38C749A29F9C}.Release|Any CPU.Build.0 = Release|Any CPU
		{004B482D-1703-4882-91B6-54E82E1482F0}.Debug|Any CPU.ActiveCfg = Debug|Any CPU
		{004B482D-1703-4882-91B6-54E82E1482F0}.Debug|Any CPU.Build.0 = Debug|Any CPU
		{004B482D-1703-4882-91B6-54E82E1482F0}.Release|Any CPU.ActiveCfg = Release|Any CPU
		{004B482D-1703-4882-91B6-54E82E1482F0}.Release|Any CPU.Build.0 = Release|Any CPU
		{4A6CC486-5BEA-47C9-84AD-030EBE6904C4}.Debug|Any CPU.ActiveCfg = Debug|Any CPU
		{4A6CC486-5BEA-47C9-84AD-030EBE6904C4}.Debug|Any CPU.Build.0 = Debug|Any CPU
		{4A6CC486-5BEA-47C9-84AD-030EBE6904C4}.Release|Any CPU.ActiveCfg = Release|Any CPU
		{4A6CC486-5BEA-47C9-84AD-030EBE6904C4}.Release|Any CPU.Build.0 = Release|Any CPU
	EndGlobalSection
	GlobalSection(SolutionProperties) = preSolution
		HideSolutionNode = FALSE
	EndGlobalSection
	GlobalSection(ExtensibilityGlobals) = postSolution
		SolutionGuid = {D82C5FCE-40FD-41E5-A847-D33047747DCB}
	EndGlobalSection
EndGlobal
